
Microsoft Visual Studio Solution File, Format Version 12.00
# Visual Studio 15
VisualStudioVersion = 15.0.27004.2008
MinimumVisualStudioVersion = 10.0.40219.1
Project("{FAE04EC0-301F-11D3-BF4B-00C04F79EFBC}") = "WeatherApp", "WeatherApp\WeatherApp.csproj", "{40A0A02F-3156-4C12-B7D5-F2FD56F1057A}"
EndProject
Global
	GlobalSection(SolutionConfigurationPlatforms) = preSolution
		Debug|Any CPU = Debug|Any CPU
		Release|Any CPU = Release|Any CPU
	EndGlobalSection
	GlobalSection(ProjectConfigurationPlatforms) = postSolution
		{40A0A02F-3156-4C12-B7D5-F2FD56F1057A}.Debug|Any CPU.ActiveCfg = Debug|Any CPU
		{40A0A02F-3156-4C12-B7D5-F2FD56F1057A}.Debug|Any CPU.Build.0 = Debug|Any CPU
		{40A0A02F-3156-4C12-B7D5-F2FD56F1057A}.Release|Any CPU.ActiveCfg = Release|Any CPU
		{40A0A02F-3156-4C12-B7D5-F2FD56F1057A}.Release|Any CPU.Build.0 = Release|Any CPU
	EndGlobalSection
	GlobalSection(SolutionProperties) = preSolution
		HideSolutionNode = FALSE
	EndGlobalSection
	GlobalSection(ExtensibilityGlobals) = postSolution
		SolutionGuid = {CDC3D4FF-FFCC-4C85-9375-712D99D945C3}
	EndGlobalSection
EndGlobal
